
Microsoft Visual Studio Solution File, Format Version 12.00
# Visual Studio Version 17
VisualStudioVersion = 17.7.34221.43
MinimumVisualStudioVersion = 10.0.40219.1
Project("{9A19103F-16F7-4668-BE54-9A1E7A4F7556}") = "CarApi", "CarApi.csproj", "{A90154BF-D7B4-42BE-9689-F9B781A08BCF}"
EndProject
Global
	GlobalSection(SolutionConfigurationPlatforms) = preSolution
		Debug|Any CPU = Debug|Any CPU
		Release|Any CPU = Release|Any CPU
	EndGlobalSection
	GlobalSection(ProjectConfigurationPlatforms) = postSolution
		{A90154BF-D7B4-42BE-9689-F9B781A08BCF}.Debug|Any CPU.ActiveCfg = Debug|Any CPU
		{A90154BF-D7B4-42BE-9689-F9B781A08BCF}.Debug|Any CPU.Build.0 = Debug|Any CPU
		{A90154BF-D7B4-42BE-9689-F9B781A08BCF}.Release|Any CPU.ActiveCfg = Release|Any CPU
		{A90154BF-D7B4-42BE-9689-F9B781A08BCF}.Release|Any CPU.Build.0 = Release|Any CPU
	EndGlobalSection
	GlobalSection(SolutionProperties) = preSolution
		HideSolutionNode = FALSE
	EndGlobalSection
	GlobalSection(ExtensibilityGlobals) = postSolution
		SolutionGuid = {E2E95A20-259C-45EC-8376-D4B25CD13DC2}
	EndGlobalSection
EndGlobal
